{
  "name": "2doParcialPrograIII",
  "lockfileVersion": 3,
  "requires": true,
  "packages": {
    "": {
      "dependencies": {
        "extends": "^0.0.4"
      }
    },
    "node_modules/extends": {
      "version": "0.0.4",
      "resolved": "https://registry.npmjs.org/extends/-/extends-0.0.4.tgz",
      "integrity": "sha512-jL8SNwlLD4G6esFwaJy9QfwDAYw5k/Jd9quKhxhmZ/AYUB9H4z2gjZThYUruaOtqevVuRgRDT/uPn8feo2+Pqg==",
      "engines": {
        "node": "0.x",
        "npm": "1.2.x"
      }
    }
  }
}
